
Microsoft Visual Studio Solution File, Format Version 12.00
# Visual Studio Version 16
VisualStudioVersion = 16.0.30308.118
MinimumVisualStudioVersion = 10.0.40219.1
Project("{FAE04EC0-301F-11D3-BF4B-00C04F79EFBC}") = "RNVWebApp", "RNVWebApp\RNVWebApp.csproj", "{3DC4DAB2-0FD4-4D41-9164-BC0B427065BE}"
EndProject
Global
	GlobalSection(SolutionConfigurationPlatforms) = preSolution
		Debug|Any CPU = Debug|Any CPU
		Release|Any CPU = Release|Any CPU
	EndGlobalSection
	GlobalSection(ProjectConfigurationPlatforms) = postSolution
		{3DC4DAB2-0FD4-4D41-9164-BC0B427065BE}.Debug|Any CPU.ActiveCfg = Debug|Any CPU
		{3DC4DAB2-0FD4-4D41-9164-BC0B427065BE}.Debug|Any CPU.Build.0 = Debug|Any CPU
		{3DC4DAB2-0FD4-4D41-9164-BC0B427065BE}.Release|Any CPU.ActiveCfg = Release|Any CPU
		{3DC4DAB2-0FD4-4D41-9164-BC0B427065BE}.Release|Any CPU.Build.0 = Release|Any CPU
	EndGlobalSection
	GlobalSection(SolutionProperties) = preSolution
		HideSolutionNode = FALSE
	EndGlobalSection
	GlobalSection(ExtensibilityGlobals) = postSolution
		SolutionGuid = {99140F3D-0ED2-405F-877D-5681C1BAC925}
	EndGlobalSection
EndGlobal
